dependencies:
  espressif/dl_fft:
    component_hash: 7dadbd644c0d7ba4733cc3726ec4cff6edf27b043725e1115861dec1609a3d28
    dependencies:
    - name: idf
      require: private
      version: '>=5.0'
    source:
      registry_url: https://components.espressif.com
      type: service
    version: 0.3.1
  espressif/esp-dl:
    component_hash: 5130cf5ba89cb43865da942ddf23b39b1520855907cd91b68d3ad65dcf2305b6
    dependencies:
    - name: espressif/dl_fft
      registry_url: https://components.espressif.com
      require: private
      version: '>=0.3.1'
    - name: espressif/esp-dsp
      registry_url: https://components.espressif.com
      require: private
      version: ==1.7.0
    - name: espressif/esp_new_jpeg
      registry_url: https://components.espressif.com
      require: private
      version: ^0.6.1
    - name: idf
      require: private
      version: '>=5.3'
    source:
      registry_url: https://components.espressif.com/
      type: service
    targets:
    - esp32
    - esp32s3
    - esp32p4
    version: 3.2.4
  espressif/esp-dsp:
    component_hash: 42dce32d46ac93dc11f60d368e29a830e9661c7345d794b8a45c343479cae636
    dependencies:
    - name: idf
      require: private
      version: '>=4.2'
    source:
      registry_url: https://components.espressif.com
      type: service
    version: 1.7.0
  espressif/esp_new_jpeg:
    component_hash: e6af208a875abd0ecfc0213d3751a11b504b463ebde6930f24096047925fa5c1
    dependencies: []
    source:
      registry_url: https://components.espressif.com
      type: service
    targets:
    - esp32
    - esp32s2
    - esp32s3
    - esp32p4
    - esp32c2
    - esp32c3
    - esp32c5
    - esp32c6
    version: 0.6.1
  idf:
    source:
      type: idf
    version: 5.5.2
  m5stack/m5gfx:
    component_hash: 4c420c89ae7bfe33231dab80b784f4508591279b2a3a935ac849dddb1942d0d5
    dependencies: []
    source:
      registry_url: https://components.espressif.com/
      type: service
    version: 0.2.17
  m5stack/m5unified:
    component_hash: 1c75bb80654da6c7fcdd11ef7a1cb9b7d6db2e98f96612a4babf12b5e9bc7196
    dependencies:
    - name: m5stack/m5gfx
      registry_url: https://components.espressif.com
      require: private
      version: ^0.2.17
    source:
      registry_url: https://components.espressif.com/
      type: service
    version: 0.2.11
direct_dependencies:
- espressif/esp-dl
- idf
- m5stack/m5gfx
- m5stack/m5unified
manifest_hash: 9e05386d2fbd23b99b1293ae7200e04a5d2efca4d107913079e962d74acbb4c7
target: esp32
version: 2.0.0
